
Microsoft Visual Studio Solution File, Format Version 12.00
# Visual Studio Version 16
VisualStudioVersion = 16.0.31911.196
MinimumVisualStudioVersion = 10.0.40219.1
Project("{FAE04EC0-301F-11D3-BF4B-00C04F79EFBC}") = "Roguelite_Game", "Roguelite_Game.csproj", "{E22E89AC-A15E-4546-BCB8-0DACAF4A7F16}"
EndProject
Global
	GlobalSection(SolutionConfigurationPlatforms) = preSolution
		Debug|Any CPU = Debug|Any CPU
		Release|Any CPU = Release|Any CPU
	EndGlobalSection
	GlobalSection(ProjectConfigurationPlatforms) = postSolution
		{E22E89AC-A15E-4546-BCB8-0DACAF4A7F16}.Debug|Any CPU.ActiveCfg = Debug|Any CPU
		{E22E89AC-A15E-4546-BCB8-0DACAF4A7F16}.Debug|Any CPU.Build.0 = Debug|Any CPU
		{E22E89AC-A15E-4546-BCB8-0DACAF4A7F16}.Release|Any CPU.ActiveCfg = Release|Any CPU
		{E22E89AC-A15E-4546-BCB8-0DACAF4A7F16}.Release|Any CPU.Build.0 = Release|Any CPU
	EndGlobalSection
	GlobalSection(SolutionProperties) = preSolution
		HideSolutionNode = FALSE
	EndGlobalSection
	GlobalSection(ExtensibilityGlobals) = postSolution
		SolutionGuid = {887375A4-43C9-4433-B328-1E13A744B463}
	EndGlobalSection
EndGlobal
